// !$*UTF8*$!
{
	archiveVersion = 1;
	classes = {
	};
	objectVersion = 56;
	objects = {

/* Begin PBXBuildFile section */
		A1234567 /* WeightliftingAppApp.swift in Sources */ = {isa = PBXBuildFile; fileRef = A1234566 /* WeightliftingAppApp.swift */; };
		A1234569 /* ContentView.swift in Sources */ = {isa = PBXBuildFile; fileRef = A1234568 /* ContentView.swift */; };
		A123456B /* Assets.xcassets in Resources */ = {isa = PBXBuildFile; fileRef = A123456A /* Assets.xcassets */; };
		A123456E /* Preview Assets.xcassets in Resources */ = {isa = PBXBuildFile; fileRef = A123456D /* Preview Assets.xcassets */; };
		A1234578 /* WeightliftingAppTests.swift in Sources */ = {isa = PBXBuildFile; fileRef = A1234577 /* WeightliftingAppTests.swift */; };
		A1234590 /* weightlifting_core.swift in Sources */ = {isa = PBXBuildFile; fileRef = A123458F /* weightlifting_core.swift */; };
		A1234591 /* weightlifting_coreFFI.h in Headers */ = {isa = PBXBuildFile; fileRef = A1234592 /* weightlifting_coreFFI.h */; };
		A1234593 /* libweightlifting_core.a in Frameworks */ = {isa = PBXBuildFile; fileRef = A1234594 /* libweightlifting_core.a */; };
/* End PBXBuildFile section */

/* Begin PBXContainerItemProxy section */
		A1234574 /* PBXContainerItemProxy */ = {
			isa = PBXContainerItemProxy;
			containerPortal = A123455B /* Project object */;
			proxyType = 1;
			remoteGlobalIDString = A1234562;
			remoteInfo = WeightliftingApp;
		};
/* End PBXContainerItemProxy section */

/* Begin PBXFileReference section */
		A1234563 /* WeightliftingApp.app */ = {isa = PBXFileReference; explicitFileType = wrapper.application; includeInIndex = 0; path = WeightliftingApp.app; sourceTree = BUILT_PRODUCTS_DIR; };
		A1234566 /* WeightliftingAppApp.swift */ = {isa = PBXFileReference; lastKnownFileType = sourcecode.swift; path = WeightliftingAppApp.swift; sourceTree = "<group>"; };
		A1234568 /* ContentView.swift */ = {isa = PBXFileReference; lastKnownFileType = sourcecode.swift; path = ContentView.swift; sourceTree = "<group>"; };
		A123456A /* Assets.xcassets */ = {isa = PBXFileReference; lastKnownFileType = folder.assetcatalog; path = Assets.xcassets; sourceTree = "<group>"; };
		A123456D /* Preview Assets.xcassets */ = {isa = PBXFileReference; lastKnownFileType = folder.assetcatalog; path = "Preview Assets.xcassets"; sourceTree = "<group>"; };
		A1234573 /* WeightliftingAppTests.xctest */ = {isa = PBXFileReference; explicitFileType = wrapper.cfbundle; includeInIndex = 0; path = WeightliftingAppTests.xctest; sourceTree = BUILT_PRODUCTS_DIR; };
		A1234577 /* WeightliftingAppTests.swift */ = {isa = PBXFileReference; lastKnownFileType = sourcecode.swift; path = WeightliftingAppTests.swift; sourceTree = "<group>"; };
		A123458F /* weightlifting_core.swift */ = {isa = PBXFileReference; lastKnownFileType = sourcecode.swift; path = weightlifting_core.swift; sourceTree = "<group>"; };
		A1234592 /* weightlifting_coreFFI.h */ = {isa = PBXFileReference; lastKnownFileType = sourcecode.c.h; path = weightlifting_coreFFI.h; sourceTree = "<group>"; };
		A1234594 /* libweightlifting_core.a */ = {isa = PBXFileReference; lastKnownFileType = archive.ar; name = libweightlifting_core.a; path = "../../shared/target/release/libweightlifting_core.a"; sourceTree = "<group>"; };
		A1234595 /* weightlifting_coreFFI.modulemap */ = {isa = PBXFileReference; lastKnownFileType = "sourcecode.module-map"; path = weightlifting_coreFFI.modulemap; sourceTree = "<group>"; };
/* End PBXFileReference section */

/* Begin PBXFrameworksBuildPhase section */
		A1234560 /* PBXFrameworksBuildPhase */ = {
			isa = PBXFrameworksBuildPhase;
			buildActionMask = 2147483647;
			files = (
				A1234593 /* libweightlifting_core.a in Frameworks */,
			);
			runOnlyForDeploymentPostprocessing = 0;
		};
		A1234570 /* PBXFrameworksBuildPhase */ = {
			isa = PBXFrameworksBuildPhase;
			buildActionMask = 2147483647;
			files = (
			);
			runOnlyForDeploymentPostprocessing = 0;
		};
/* End PBXFrameworksBuildPhase section */

/* Begin PBXGroup section */
		A123455A /* Products */ = {
			isa = PBXGroup;
			children = (
				A1234563 /* WeightliftingApp.app */,
				A1234573 /* WeightliftingAppTests.xctest */,
			);
			name = Products;
			sourceTree = "<group>";
		};
		A1234565 /* WeightliftingApp */ = {
			isa = PBXGroup;
			children = (
				A1234566 /* WeightliftingAppApp.swift */,
				A1234568 /* ContentView.swift */,
				A123456A /* Assets.xcassets */,
				A123456C /* Preview Content */,
				A123458E /* Shared */,
			);
			path = WeightliftingApp;
			sourceTree = "<group>";
		};
		A123456C /* Preview Content */ = {
			isa = PBXGroup;
			children = (
				A123456D /* Preview Assets.xcassets */,
			);
			path = "Preview Content";
			sourceTree = "<group>";
		};
		A1234576 /* WeightliftingAppTests */ = {
			isa = PBXGroup;
			children = (
				A1234577 /* WeightliftingAppTests.swift */,
			);
			path = WeightliftingAppTests;
			sourceTree = "<group>";
		};
		A123458E /* Shared */ = {
			isa = PBXGroup;
			children = (
				A123458F /* weightlifting_core.swift */,
				A1234592 /* weightlifting_coreFFI.h */,
				A1234595 /* weightlifting_coreFFI.modulemap */,
				A1234594 /* libweightlifting_core.a */,
			);
			path = Shared;
			sourceTree = "<group>";
		};
		A1234559 = {
			isa = PBXGroup;
			children = (
				A1234565 /* WeightliftingApp */,
				A1234576 /* WeightliftingAppTests */,
				A123455A /* Products */,
			);
			sourceTree = "<group>";
		};
/* End PBXGroup section */

/* Begin PBXHeadersBuildPhase section */
		A123455F /* PBXHeadersBuildPhase */ = {
			isa = PBXHeadersBuildPhase;
			buildActionMask = 2147483647;
			files = (
				A1234591 /* weightlifting_coreFFI.h in Headers */,
			);
			runOnlyForDeploymentPostprocessing = 0;
		};
/* End PBXHeadersBuildPhase section */

/* Begin PBXNativeTarget section */
		A1234562 /* WeightliftingApp */ = {
			isa = PBXNativeTarget;
			buildConfigurationList = A123457B /* Build configuration list for PBXNativeTarget "WeightliftingApp" */;
			buildPhases = (
				A123455F /* PBXHeadersBuildPhase */,
				A1234560 /* PBXFrameworksBuildPhase */,
				A1234561 /* PBXSourcesBuildPhase */,
				A123455E /* PBXResourcesBuildPhase */,
			);
			buildRules = (
			);
			dependencies = (
			);
			name = WeightliftingApp;
			productName = WeightliftingApp;
			productReference = A1234563 /* WeightliftingApp.app */;
			productType = "com.apple.product-type.application";
		};
		A1234572 /* WeightliftingAppTests */ = {
			isa = PBXNativeTarget;
			buildConfigurationList = A123457E /* Build configuration list for PBXNativeTarget "WeightliftingAppTests" */;
			buildPhases = (
				A123456F /* PBXSourcesBuildPhase */,
				A1234570 /* PBXFrameworksBuildPhase */,
				A1234571 /* PBXResourcesBuildPhase */,
			);
			buildRules = (
			);
			dependencies = (
				A1234575 /* PBXTargetDependency */,
			);
			name = WeightliftingAppTests;
			productName = WeightliftingAppTests;
			productReference = A1234573 /* WeightliftingAppTests.xctest */;
			productType = "com.apple.product-type.bundle.unit-test";
		};
/* End PBXNativeTarget section */

/* Begin PBXProject section */
		A123455B /* Project object */ = {
			isa = PBXProject;
			attributes = {
				BuildIndependentTargetsInParallel = 1;
				LastSwiftUpdateCheck = 1500;
				LastUpgradeCheck = 1500;
				TargetAttributes = {
					A1234562 = {
						CreatedOnToolsVersion = 15.0;
					};
					A1234572 = {
						CreatedOnToolsVersion = 15.0;
						TestTargetID = A1234562;
					};
				};
			};
			buildConfigurationList = A123455E /* Build configuration list for PBXProject "WeightliftingApp" */;
			compatibilityVersion = "Xcode 14.0";
			developmentRegion = en;
			hasScannedForEncodings = 0;
			knownRegions = (
				en,
				Base,
			);
			mainGroup = A1234559;
			productRefGroup = A123455A /* Products */;
			projectDirPath = "";
			projectRoot = "";
			targets = (
				A1234562 /* WeightliftingApp */,
				A1234572 /* WeightliftingAppTests */,
			);
		};
/* End PBXProject section */

/* Begin PBXResourcesBuildPhase section */
		A123455E /* PBXResourcesBuildPhase */ = {
			isa = PBXResourcesBuildPhase;
			buildActionMask = 2147483647;
			files = (
				A123456E /* Preview Assets.xcassets in Resources */,
				A123456B /* Assets.xcassets in Resources */,
			);
			runOnlyForDeploymentPostprocessing = 0;
		};
		A1234571 /* PBXResourcesBuildPhase */ = {
			isa = PBXResourcesBuildPhase;
			buildActionMask = 2147483647;
			files = (
			);
			runOnlyForDeploymentPostprocessing = 0;
		};
/* End PBXResourcesBuildPhase section */

/* Begin PBXSourcesBuildPhase section */
		A1234561 /* PBXSourcesBuildPhase */ = {
			isa = PBXSourcesBuildPhase;
			buildActionMask = 2147483647;
			files = (
				A1234569 /* ContentView.swift in Sources */,
				A1234567 /* WeightliftingAppApp.swift in Sources */,
				A1234590 /* weightlifting_core.swift in Sources */,
			);
			runOnlyForDeploymentPostprocessing = 0;
		};
		A123456F /* PBXSourcesBuildPhase */ = {
			isa = PBXSourcesBuildPhase;
			buildActionMask = 2147483647;
			files = (
				A1234578 /* WeightliftingAppTests.swift in Sources */,
			);
			runOnlyForDeploymentPostprocessing = 0;
		};
/* End PBXSourcesBuildPhase section */

/* Begin PBXTargetDependency section */
		A1234575 /* PBXTargetDependency */ = {
			isa = PBXTargetDependency;
			target = A1234562 /* WeightliftingApp */;
			targetProxy = A1234574 /* PBXContainerItemProxy */;
		};
/* End PBXTargetDependency section */

/* Begin XCBuildConfiguration section */
		A1234579 /* Debug */ = {
			isa = XCBuildConfiguration;
			buildSettings = {
				ALWAYS_SEARCH_USER_PATHS = NO;
				ASSETCATALOG_COMPILER_GENERATE_SWIFT_ASSET_SYMBOL_EXTENSIONS = YES;
				CLANG_ANALYZER_NONNULL = YES;
				CLANG_ANALYZER_NUMBER_OBJECT_CONVERSION = YES_AGGRESSIVE;
				CLANG_CXX_LANGUAGE_STANDARD = "gnu++20";
				CLANG_ENABLE_MODULES = YES;
				CLANG_ENABLE_OBJC_ARC = YES;
				CLANG_ENABLE_OBJC_WEAK = YES;
				CLANG_WARN_BLOCK_CAPTURE_AUTORELEASING = YES;
				CLANG_WARN_BOOL_CONVERSION = YES;
				CLANG_WARN_COMMA = YES;
				CLANG_WARN_CONSTANT_CONVERSION = YES;
				CLANG_WARN_DEPRECATED_OBJC_IMPLEMENTATIONS = YES;
				CLANG_WARN_DIRECT_OBJC_ISA_USAGE = YES_ERROR;
				CLANG_WARN_DOCUMENTATION_COMMENTS = YES;
				CLANG_WARN_EMPTY_BODY = YES;
				CLANG_WARN_ENUM_CONVERSION = YES;
				CLANG_WARN_INFINITE_RECURSION = YES;
				CLANG_WARN_INT_CONVERSION = YES;
				CLANG_WARN_NON_LITERAL_NULL_CONVERSION = YES;
				CLANG_WARN_OBJC_IMPLICIT_RETAIN_SELF = YES;
				CLANG_WARN_OBJC_LITERAL_CONVERSION = YES;
				CLANG_WARN_OBJC_ROOT_CLASS = YES_ERROR;
				CLANG_WARN_QUOTED_INCLUDE_IN_FRAMEWORK_HEADER = YES;
				CLANG_WARN_RANGE_LOOP_ANALYSIS = YES;
				CLANG_WARN_STRICT_PROTOTYPES = YES;
				CLANG_WARN_SUSPICIOUS_MOVE = YES;
				CLANG_WARN_UNGUARDED_AVAILABILITY = YES_AGGRESSIVE;
				CLANG_WARN_UNREACHABLE_CODE = YES;
				CLANG_WARN__DUPLICATE_METHOD_MATCH = YES;
				COPY_PHASE_STRIP = NO;
				DEBUG_INFORMATION_FORMAT = dwarf;
				ENABLE_STRICT_OBJC_MSGSEND = YES;
				ENABLE_TESTABILITY = YES;
				ENABLE_USER_SCRIPT_SANDBOXING = YES;
				GCC_C_LANGUAGE_STANDARD = gnu17;
				GCC_DYNAMIC_NO_PIC = NO;
				GCC_NO_COMMON_BLOCKS = YES;
				GCC_OPTIMIZATION_LEVEL = 0;
				GCC_PREPROCESSOR_DEFINITIONS = (
					"DEBUG=1",
					"$(inherited)",
				);
				GCC_WARN_64_TO_32_BIT_CONVERSION = YES;
				GCC_WARN_ABOUT_RETURN_TYPE = YES_ERROR;
				GCC_WARN_UNDECLARED_SELECTOR = YES;
				GCC_WARN_UNINITIALIZED_AUTOS = YES_AGGRESSIVE;
				GCC_WARN_UNUSED_FUNCTION = YES;
				GCC_WARN_UNUSED_VARIABLE = YES;
				IPHONEOS_DEPLOYMENT_TARGET = 17.0;
				LOCALIZATION_PREFERS_STRING_CATALOGS = YES;
				MTL_ENABLE_DEBUG_INFO = INCLUDE_SOURCE;
				MTL_FAST_MATH = YES;
				ONLY_ACTIVE_ARCH = YES;
				SDKROOT = iphoneos;
				SWIFT_ACTIVE_COMPILATION_CONDITIONS = "DEBUG $(inherited)";
				SWIFT_OPTIMIZATION_LEVEL = "-Onone";
			};
			name = Debug;
		};
		A123457A /* Release */ = {
			isa = XCBuildConfiguration;
			buildSettings = {
				ALWAYS_SEARCH_USER_PATHS = NO;
				ASSETCATALOG_COMPILER_GENERATE_SWIFT_ASSET_SYMBOL_EXTENSIONS = YES;
				CLANG_ANALYZER_NONNULL = YES;
				CLANG_ANALYZER_NUMBER_OBJECT_CONVERSION = YES_AGGRESSIVE;
				CLANG_CXX_LANGUAGE_STANDARD = "gnu++20";
				CLANG_ENABLE_MODULES = YES;
				CLANG_ENABLE_OBJC_ARC = YES;
				CLANG_ENABLE_OBJC_WEAK = YES;
				CLANG_WARN_BLOCK_CAPTURE_AUTORELEASING = YES;
				CLANG_WARN_BOOL_CONVERSION = YES;
				CLANG_WARN_COMMA = YES;
				CLANG_WARN_CONSTANT_CONVERSION = YES;
				CLANG_WARN_DEPRECATED_OBJC_IMPLEMENTATIONS = YES;
				CLANG_WARN_DIRECT_OBJC_ISA_USAGE = YES_ERROR;
				CLANG_WARN_DOCUMENTATION_COMMENTS = YES;
				CLANG_WARN_EMPTY_BODY = YES;
				CLANG_WARN_ENUM_CONVERSION = YES;
				CLANG_WARN_INFINITE_RECURSION = YES;
				CLANG_WARN_INT_CONVERSION = YES;
				CLANG_WARN_NON_LITERAL_NULL_CONVERSION = YES;
				CLANG_WARN_OBJC_IMPLICIT_RETAIN_SELF = YES;
				CLANG_WARN_OBJC_LITERAL_CONVERSION = YES;
				CLANG_WARN_OBJC_ROOT_CLASS = YES_ERROR;
				CLANG_WARN_QUOTED_INCLUDE_IN_FRAMEWORK_HEADER = YES;
				CLANG_WARN_RANGE_LOOP_ANALYSIS = YES;
				CLANG_WARN_STRICT_PROTOTYPES = YES;
				CLANG_WARN_SUSPICIOUS_MOVE = YES;
				CLANG_WARN_UNGUARDED_AVAILABILITY = YES_AGGRESSIVE;
				CLANG_WARN_UNREACHABLE_CODE = YES;
				CLANG_WARN__DUPLICATE_METHOD_MATCH = YES;
				COPY_PHASE_STRIP = NO;
				DEBUG_INFORMATION_FORMAT = "dwarf-with-dsym";
				ENABLE_NS_ASSERTIONS = NO;
				ENABLE_STRICT_OBJC_MSGSEND = YES;
				ENABLE_USER_SCRIPT_SANDBOXING = YES;
				GCC_C_LANGUAGE_STANDARD = gnu17;
				GCC_NO_COMMON_BLOCKS = YES;
				GCC_WARN_64_TO_32_BIT_CONVERSION = YES;
				GCC_WARN_ABOUT_RETURN_TYPE = YES_ERROR;
				GCC_WARN_UNDECLARED_SELECTOR = YES;
				GCC_WARN_UNINITIALIZED_AUTOS = YES_AGGRESSIVE;
				GCC_WARN_UNUSED_FUNCTION = YES;
				GCC_WARN_UNUSED_VARIABLE = YES;
				IPHONEOS_DEPLOYMENT_TARGET = 17.0;
				LOCALIZATION_PREFERS_STRING_CATALOGS = YES;
				MTL_ENABLE_DEBUG_INFO = NO;
				MTL_FAST_MATH = YES;
				SDKROOT = iphoneos;
				SWIFT_COMPILATION_MODE = wholemodule;
				VALIDATE_PRODUCT = YES;
			};
			name = Release;
		};
		A123457C /* Debug */ = {
			isa = XCBuildConfiguration;
			buildSettings = {
				ASSETCATALOG_COMPILER_APPICON_NAME = AppIcon;
				ASSETCATALOG_COMPILER_GLOBAL_ACCENT_COLOR_NAME = AccentColor;
				CODE_SIGN_STYLE = Automatic;
				CURRENT_PROJECT_VERSION = 1;
				DEVELOPMENT_ASSET_PATHS = "\"WeightliftingApp/Preview Content\"";
				ENABLE_PREVIEWS = YES;
				GENERATE_INFOPLIST_FILE = YES;
				INFOPLIST_KEY_UIApplicationSceneManifest_Generation = YES;
				INFOPLIST_KEY_UIApplicationSupportsIndirectInputEvents = YES;
				INFOPLIST_KEY_UILaunchScreen_Generation = YES;
				INFOPLIST_KEY_UISupportedInterfaceOrientations_iPad = "UIInterfaceOrientationPortrait UIInterfaceOrientationPortraitUpsideDown UIInterfaceOrientationLandscapeLeft UIInterfaceOrientationLandscapeRight";
				INFOPLIST_KEY_UISupportedInterfaceOrientations_iPhone = "UIInterfaceOrientationPortrait UIInterfaceOrientationLandscapeLeft UIInterfaceOrientationLandscapeRight";
				LD_RUNPATH_SEARCH_PATHS = (
					"$(inherited)",
					"@executable_path/Frameworks",
				);
				LIBRARY_SEARCH_PATHS = (
					"$(inherited)",
					"$(PROJECT_DIR)/../../shared/target/release",
				);
				MARKETING_VERSION = 1.0;
				PRODUCT_BUNDLE_IDENTIFIER = com.example.WeightliftingApp;
				PRODUCT_NAME = "$(TARGET_NAME)";
				SWIFT_EMIT_LOC_STRINGS = YES;
				SWIFT_VERSION = 5.0;
				TARGETED_DEVICE_FAMILY = "1,2";
				SWIFT_INCLUDE_PATHS = "$(PROJECT_DIR)/Shared";
			};
			name = Debug;
		};
		A123457D /* Release */ = {
			isa = XCBuildConfiguration;
			buildSettings = {
				ASSETCATALOG_COMPILER_APPICON_NAME = AppIcon;
				ASSETCATALOG_COMPILER_GLOBAL_ACCENT_COLOR_NAME = AccentColor;
				CODE_SIGN_STYLE = Automatic;
				CURRENT_PROJECT_VERSION = 1;
				DEVELOPMENT_ASSET_PATHS = "\"WeightliftingApp/Preview Content\"";
				ENABLE_PREVIEWS = YES;
				GENERATE_INFOPLIST_FILE = YES;
				INFOPLIST_KEY_UIApplicationSceneManifest_Generation = YES;
				INFOPLIST_KEY_UIApplicationSupportsIndirectInputEvents = YES;
				INFOPLIST_KEY_UILaunchScreen_Generation = YES;
				INFOPLIST_KEY_UISupportedInterfaceOrientations_iPad = "UIInterfaceOrientationPortrait UIInterfaceOrientationPortraitUpsideDown UIInterfaceOrientationLandscapeLeft UIInterfaceOrientationLandscapeRight";
				INFOPLIST_KEY_UISupportedInterfaceOrientations_iPhone = "UIInterfaceOrientationPortrait UIInterfaceOrientationLandscapeLeft UIInterfaceOrientationLandscapeRight";
				LD_RUNPATH_SEARCH_PATHS = (
					"$(inherited)",
					"@executable_path/Frameworks",
				);
				LIBRARY_SEARCH_PATHS = (
					"$(inherited)",
					"$(PROJECT_DIR)/../../shared/target/release",
				);
				MARKETING_VERSION = 1.0;
				PRODUCT_BUNDLE_IDENTIFIER = com.example.WeightliftingApp;
				PRODUCT_NAME = "$(TARGET_NAME)";
				SWIFT_EMIT_LOC_STRINGS = YES;
				SWIFT_VERSION = 5.0;
				TARGETED_DEVICE_FAMILY = "1,2";
				SWIFT_INCLUDE_PATHS = "$(PROJECT_DIR)/Shared";
			};
			name = Release;
		};
		A123457F /* Debug */ = {
			isa = XCBuildConfiguration;
			buildSettings = {
				ALWAYS_EMBED_SWIFT_STANDARD_LIBRARIES = YES;
				BUNDLE_LOADER = "$(TEST_HOST)";
				CODE_SIGN_STYLE = Automatic;
				CURRENT_PROJECT_VERSION = 1;
				GENERATE_INFOPLIST_FILE = YES;
				IPHONEOS_DEPLOYMENT_TARGET = 17.0;
				MARKETING_VERSION = 1.0;
				PRODUCT_BUNDLE_IDENTIFIER = com.example.WeightliftingAppTests;
				PRODUCT_NAME = "$(TARGET_NAME)";
				SWIFT_EMIT_LOC_STRINGS = NO;
				SWIFT_VERSION = 5.0;
				TARGETED_DEVICE_FAMILY = "1,2";
				TEST_HOST = "$(BUILT_PRODUCTS_DIR)/WeightliftingApp.app/$(BUNDLE_EXECUTABLE_FOLDER_PATH)/WeightliftingApp";
			};
			name = Debug;
		};
		A1234580 /* Release */ = {
			isa = XCBuildConfiguration;
			buildSettings = {
				ALWAYS_EMBED_SWIFT_STANDARD_LIBRARIES = YES;
				BUNDLE_LOADER = "$(TEST_HOST)";
				CODE_SIGN_STYLE = Automatic;
				CURRENT_PROJECT_VERSION = 1;
				GENERATE_INFOPLIST_FILE = YES;
				IPHONEOS_DEPLOYMENT_TARGET = 17.0;
				MARKETING_VERSION = 1.0;
				PRODUCT_BUNDLE_IDENTIFIER = com.example.WeightliftingAppTests;
				PRODUCT_NAME = "$(TARGET_NAME)";
				SWIFT_EMIT_LOC_STRINGS = NO;
				SWIFT_VERSION = 5.0;
				TARGETED_DEVICE_FAMILY = "1,2";
				TEST_HOST = "$(BUILT_PRODUCTS_DIR)/WeightliftingApp.app/$(BUNDLE_EXECUTABLE_FOLDER_PATH)/WeightliftingApp";
			};
			name = Release;
		};
/* End XCBuildConfiguration section */

/* Begin XCConfigurationList section */
		A123455E /* Build configuration list for PBXProject "WeightliftingApp" */ = {
			isa = XCConfigurationList;
			buildConfigurations = (
				A1234579 /* Debug */,
				A123457A /* Release */,
			);
			defaultConfigurationIsVisible = 0;
			defaultConfigurationName = Release;
		};
		A123457B /* Build configuration list for PBXNativeTarget "WeightliftingApp" */ = {
			isa = XCConfigurationList;
			buildConfigurations = (
				A123457C /* Debug */,
				A123457D /* Release */,
			);
			defaultConfigurationIsVisible = 0;
			defaultConfigurationName = Release;
		};
		A123457E /* Build configuration list for PBXNativeTarget "WeightliftingAppTests" */ = {
			isa = XCConfigurationList;
			buildConfigurations = (
				A123457F /* Debug */,
				A1234580 /* Release */,
			);
			defaultConfigurationIsVisible = 0;
			defaultConfigurationName = Release;
		};
/* End XCConfigurationList section */
	};
	rootObject = A123455B /* Project object */;
}