// !$*UTF8*$!
{
	archiveVersion = 1;
	classes = {
	};
	objectVersion = 77;
	objects = {

/* Begin PBXBuildFile section */
		D91E8E1D2E11DC2A009F639C /* libweightlifting_core_device.a in Frameworks */ = {isa = PBXBuildFile; fileRef = D91E8E1C2E11DC2A009F639C /* libweightlifting_core_device.a */; };
		D91E8E1E2E11DC6F009F639C /* libweightlifting_core_device.a in Frameworks */ = {isa = PBXBuildFile; fileRef = D91E8E1C2E11DC2A009F639C /* libweightlifting_core_device.a */; };
		D91E8E1F2E11DC74009F639C /* libweightlifting_core_device.a in Frameworks */ = {isa = PBXBuildFile; fileRef = D91E8E1C2E11DC2A009F639C /* libweightlifting_core_device.a */; };
		D9B260C72E08FDC200BA9A31 /* weightlifting_core.swift in Sources */ = {isa = PBXBuildFile; fileRef = D9B260C22E08FDC200BA9A31 /* weightlifting_core.swift */; };
		D9EAAF3A2E124401003CC42B /* weightlifting_core.swift in Sources */ = {isa = PBXBuildFile; fileRef = D9B260C22E08FDC200BA9A31 /* weightlifting_core.swift */; };
		D9EAAF5C2E12466E003CC42B /* libweightlifting_core_sim.a in Frameworks */ = {isa = PBXBuildFile; fileRef = D9EAAF5B2E12466E003CC42B /* libweightlifting_core_sim.a */; };
		D9EAAF5D2E12466E003CC42B /* libweightlifting_core_sim.a in Frameworks */ = {isa = PBXBuildFile; fileRef = D9EAAF5B2E12466E003CC42B /* libweightlifting_core_sim.a */; };
		D9EAAF5E2E12466E003CC42B /* libweightlifting_core_sim.a in Frameworks */ = {isa = PBXBuildFile; fileRef = D9EAAF5B2E12466E003CC42B /* libweightlifting_core_sim.a */; };
/* End PBXBuildFile section */

/* Begin PBXContainerItemProxy section */
		D9703CC62E067900009D39BC /* PBXContainerItemProxy */ = {
			isa = PBXContainerItemProxy;
			containerPortal = D9703CB02E0678FF009D39BC /* Project object */;
			proxyType = 1;
			remoteGlobalIDString = D9703CB72E0678FF009D39BC;
			remoteInfo = WeightliftingApp;
		};
		D9703CD02E067900009D39BC /* PBXContainerItemProxy */ = {
			isa = PBXContainerItemProxy;
			containerPortal = D9703CB02E0678FF009D39BC /* Project object */;
			proxyType = 1;
			remoteGlobalIDString = D9703CB72E0678FF009D39BC;
			remoteInfo = WeightliftingApp;
		};
		D9EAAF452E12440D003CC42B /* PBXContainerItemProxy */ = {
			isa = PBXContainerItemProxy;
			containerPortal = D9703CB02E0678FF009D39BC /* Project object */;
			proxyType = 1;
			remoteGlobalIDString = D9703CB72E0678FF009D39BC;
			remoteInfo = WeightliftingApp;
		};
		D9EAAF512E124419003CC42B /* PBXContainerItemProxy */ = {
			isa = PBXContainerItemProxy;
			containerPortal = D9703CB02E0678FF009D39BC /* Project object */;
			proxyType = 1;
			remoteGlobalIDString = D9703CB72E0678FF009D39BC;
			remoteInfo = WeightliftingApp;
		};
/* End PBXContainerItemProxy section */

/* Begin PBXFileReference section */
		D91E8E1C2E11DC2A009F639C /* libweightlifting_core_device.a */ = {isa = PBXFileReference; lastKnownFileType = archive.ar; path = libweightlifting_core_device.a; sourceTree = "<group>"; };
		D9703CB82E0678FF009D39BC /* WeightliftingApp.app */ = {isa = PBXFileReference; explicitFileType = wrapper.application; includeInIndex = 0; path = WeightliftingApp.app; sourceTree = BUILT_PRODUCTS_DIR; };
		D9703CC52E067900009D39BC /* WeightliftingAppTests.xctest */ = {isa = PBXFileReference; explicitFileType = wrapper.cfbundle; includeInIndex = 0; path = WeightliftingAppTests.xctest; sourceTree = BUILT_PRODUCTS_DIR; };
		D9703CCF2E067900009D39BC /* WeightliftingAppUITests.xctest */ = {isa = PBXFileReference; explicitFileType = wrapper.cfbundle; includeInIndex = 0; path = WeightliftingAppUITests.xctest; sourceTree = BUILT_PRODUCTS_DIR; };
		D9B260C22E08FDC200BA9A31 /* weightlifting_core.swift */ = {isa = PBXFileReference; lastKnownFileType = sourcecode.swift; path = weightlifting_core.swift; sourceTree = "<group>"; };
		D9B260C32E08FDC200BA9A31 /* weightlifting_coreFFI.h */ = {isa = PBXFileReference; lastKnownFileType = sourcecode.c.h; path = weightlifting_coreFFI.h; sourceTree = "<group>"; };
		D9B260C42E08FDC200BA9A31 /* weightlifting_coreFFI.modulemap */ = {isa = PBXFileReference; lastKnownFileType = "sourcecode.module-map"; path = weightlifting_coreFFI.modulemap; sourceTree = "<group>"; };
		D9EAAF412E124401003CC42B /* WeightliftingAppSim.app */ = {isa = PBXFileReference; explicitFileType = wrapper.application; includeInIndex = 0; path = WeightliftingAppSim.app; sourceTree = BUILT_PRODUCTS_DIR; };
		D9EAAF4D2E12440D003CC42B /* WeightliftingAppTestsSim.xctest */ = {isa = PBXFileReference; explicitFileType = wrapper.cfbundle; includeInIndex = 0; path = WeightliftingAppTestsSim.xctest; sourceTree = BUILT_PRODUCTS_DIR; };
		D9EAAF592E124419003CC42B /* WeightliftingAppUITestsSim.xctest */ = {isa = PBXFileReference; explicitFileType = wrapper.cfbundle; includeInIndex = 0; path = WeightliftingAppUITestsSim.xctest; sourceTree = BUILT_PRODUCTS_DIR; };
		D9EAAF5B2E12466E003CC42B /* libweightlifting_core_sim.a */ = {isa = PBXFileReference; lastKnownFileType = archive.ar; path = libweightlifting_core_sim.a; sourceTree = "<group>"; };
/* End PBXFileReference section */

/* Begin PBXFileSystemSynchronizedBuildFileExceptionSet section */
		D9EAAF422E124401003CC42B /* Exceptions for "WeightliftingApp" folder in "WeightliftingAppSim" target */ = {
			isa = PBXFileSystemSynchronizedBuildFileExceptionSet;
			membershipExceptions = (
				Assets.xcassets,
				ContentView.swift,
				WeightliftingAppApp.swift,
			);
			target = D9EAAF382E124401003CC42B /* WeightliftingAppSim */;
		};
		D9EAAF4E2E12440D003CC42B /* Exceptions for "WeightliftingAppTests" folder in "WeightliftingAppTestsSim" target */ = {
			isa = PBXFileSystemSynchronizedBuildFileExceptionSet;
			membershipExceptions = (
				WeightliftingAppTests.swift,
			);
			target = D9EAAF432E12440D003CC42B /* WeightliftingAppTestsSim */;
		};
		D9EAAF5A2E124419003CC42B /* Exceptions for "WeightliftingAppUITests" folder in "WeightliftingAppUITestsSim" target */ = {
			isa = PBXFileSystemSynchronizedBuildFileExceptionSet;
			membershipExceptions = (
				WeightliftingAppUITests.swift,
				WeightliftingAppUITestsLaunchTests.swift,
			);
			target = D9EAAF4F2E124419003CC42B /* WeightliftingAppUITestsSim */;
		};
/* End PBXFileSystemSynchronizedBuildFileExceptionSet section */

/* Begin PBXFileSystemSynchronizedRootGroup section */
		D9703CBA2E0678FF009D39BC /* WeightliftingApp */ = {
			isa = PBXFileSystemSynchronizedRootGroup;
			exceptions = (
				D9EAAF422E124401003CC42B /* Exceptions for "WeightliftingApp" folder in "WeightliftingAppSim" target */,
			);
			path = WeightliftingApp;
			sourceTree = "<group>";
		};
		D9703CC82E067900009D39BC /* WeightliftingAppTests */ = {
			isa = PBXFileSystemSynchronizedRootGroup;
			exceptions = (
				D9EAAF4E2E12440D003CC42B /* Exceptions for "WeightliftingAppTests" folder in "WeightliftingAppTestsSim" target */,
			);
			path = WeightliftingAppTests;
			sourceTree = "<group>";
		};
		D9703CD22E067900009D39BC /* WeightliftingAppUITests */ = {
			isa = PBXFileSystemSynchronizedRootGroup;
			exceptions = (
				D9EAAF5A2E124419003CC42B /* Exceptions for "WeightliftingAppUITests" folder in "WeightliftingAppUITestsSim" target */,
			);
			path = WeightliftingAppUITests;
			sourceTree = "<group>";
		};
/* End PBXFileSystemSynchronizedRootGroup section */

/* Begin PBXFrameworksBuildPhase section */
		D9703CB52E0678FF009D39BC /* Frameworks */ = {
			isa = PBXFrameworksBuildPhase;
			buildActionMask = 2147483647;
			files = (
				D91E8E1D2E11DC2A009F639C /* libweightlifting_core_device.a in Frameworks */,
			);
			runOnlyForDeploymentPostprocessing = 0;
		};
		D9703CC22E067900009D39BC /* Frameworks */ = {
			isa = PBXFrameworksBuildPhase;
			buildActionMask = 2147483647;
			files = (
				D91E8E1E2E11DC6F009F639C /* libweightlifting_core_device.a in Frameworks */,
			);
			runOnlyForDeploymentPostprocessing = 0;
		};
		D9703CCC2E067900009D39BC /* Frameworks */ = {
			isa = PBXFrameworksBuildPhase;
			buildActionMask = 2147483647;
			files = (
				D91E8E1F2E11DC74009F639C /* libweightlifting_core_device.a in Frameworks */,
			);
			runOnlyForDeploymentPostprocessing = 0;
		};
		D9EAAF3B2E124401003CC42B /* Frameworks */ = {
			isa = PBXFrameworksBuildPhase;
			buildActionMask = 2147483647;
			files = (
				D9EAAF5D2E12466E003CC42B /* libweightlifting_core_sim.a in Frameworks */,
			);
			runOnlyForDeploymentPostprocessing = 0;
		};
		D9EAAF472E12440D003CC42B /* Frameworks */ = {
			isa = PBXFrameworksBuildPhase;
			buildActionMask = 2147483647;
			files = (
				D9EAAF5C2E12466E003CC42B /* libweightlifting_core_sim.a in Frameworks */,
			);
			runOnlyForDeploymentPostprocessing = 0;
		};
		D9EAAF532E124419003CC42B /* Frameworks */ = {
			isa = PBXFrameworksBuildPhase;
			buildActionMask = 2147483647;
			files = (
				D9EAAF5E2E12466E003CC42B /* libweightlifting_core_sim.a in Frameworks */,
			);
			runOnlyForDeploymentPostprocessing = 0;
		};
/* End PBXFrameworksBuildPhase section */

/* Begin PBXGroup section */
		D9703CAF2E0678FF009D39BC = {
			isa = PBXGroup;
			children = (
				D9703CBA2E0678FF009D39BC /* WeightliftingApp */,
				D9703CC82E067900009D39BC /* WeightliftingAppTests */,
				D9703CD22E067900009D39BC /* WeightliftingAppUITests */,
				D9B260BF2E0720DB00BA9A31 /* Frameworks */,
				D9703CB92E0678FF009D39BC /* Products */,
				D9B260C52E08FDC200BA9A31 /* Shared */,
			);
			sourceTree = "<group>";
		};
		D9703CB92E0678FF009D39BC /* Products */ = {
			isa = PBXGroup;
			children = (
				D9703CB82E0678FF009D39BC /* WeightliftingApp.app */,
				D9703CC52E067900009D39BC /* WeightliftingAppTests.xctest */,
				D9703CCF2E067900009D39BC /* WeightliftingAppUITests.xctest */,
				D9EAAF412E124401003CC42B /* WeightliftingAppSim.app */,
				D9EAAF4D2E12440D003CC42B /* WeightliftingAppTestsSim.xctest */,
				D9EAAF592E124419003CC42B /* WeightliftingAppUITestsSim.xctest */,
			);
			name = Products;
			sourceTree = "<group>";
		};
		D9B260BF2E0720DB00BA9A31 /* Frameworks */ = {
			isa = PBXGroup;
			children = (
			);
			name = Frameworks;
			sourceTree = "<group>";
		};
		D9B260C52E08FDC200BA9A31 /* Shared */ = {
			isa = PBXGroup;
			children = (
				D9EAAF5B2E12466E003CC42B /* libweightlifting_core_sim.a */,
				D91E8E1C2E11DC2A009F639C /* libweightlifting_core_device.a */,
				D9B260C22E08FDC200BA9A31 /* weightlifting_core.swift */,
				D9B260C32E08FDC200BA9A31 /* weightlifting_coreFFI.h */,
				D9B260C42E08FDC200BA9A31 /* weightlifting_coreFFI.modulemap */,
			);
			path = Shared;
			sourceTree = "<group>";
		};
/* End PBXGroup section */

/* Begin PBXNativeTarget section */
		D9703CB72E0678FF009D39BC /* WeightliftingApp */ = {
			isa = PBXNativeTarget;
			buildConfigurationList = D9703CD92E067900009D39BC /* Build configuration list for PBXNativeTarget "WeightliftingApp" */;
			buildPhases = (
				D9703CB42E0678FF009D39BC /* Sources */,
				D9703CB52E0678FF009D39BC /* Frameworks */,
				D9703CB62E0678FF009D39BC /* Resources */,
			);
			buildRules = (
			);
			dependencies = (
			);
			fileSystemSynchronizedGroups = (
				D9703CBA2E0678FF009D39BC /* WeightliftingApp */,
			);
			name = WeightliftingApp;
			packageProductDependencies = (
			);
			productName = WeightliftingApp;
			productReference = D9703CB82E0678FF009D39BC /* WeightliftingApp.app */;
			productType = "com.apple.product-type.application";
		};
		D9703CC42E067900009D39BC /* WeightliftingAppTests */ = {
			isa = PBXNativeTarget;
			buildConfigurationList = D9703CDC2E067900009D39BC /* Build configuration list for PBXNativeTarget "WeightliftingAppTests" */;
			buildPhases = (
				D9703CC12E067900009D39BC /* Sources */,
				D9703CC22E067900009D39BC /* Frameworks */,
				D9703CC32E067900009D39BC /* Resources */,
			);
			buildRules = (
			);
			dependencies = (
				D9703CC72E067900009D39BC /* PBXTargetDependency */,
			);
			fileSystemSynchronizedGroups = (
				D9703CC82E067900009D39BC /* WeightliftingAppTests */,
			);
			name = WeightliftingAppTests;
			packageProductDependencies = (
			);
			productName = WeightliftingAppTests;
			productReference = D9703CC52E067900009D39BC /* WeightliftingAppTests.xctest */;
			productType = "com.apple.product-type.bundle.unit-test";
		};
		D9703CCE2E067900009D39BC /* WeightliftingAppUITests */ = {
			isa = PBXNativeTarget;
			buildConfigurationList = D9703CDF2E067900009D39BC /* Build configuration list for PBXNativeTarget "WeightliftingAppUITests" */;
			buildPhases = (
				D9703CCB2E067900009D39BC /* Sources */,
				D9703CCC2E067900009D39BC /* Frameworks */,
				D9703CCD2E067900009D39BC /* Resources */,
			);
			buildRules = (
			);
			dependencies = (
				D9703CD12E067900009D39BC /* PBXTargetDependency */,
			);
			fileSystemSynchronizedGroups = (
				D9703CD22E067900009D39BC /* WeightliftingAppUITests */,
			);
			name = WeightliftingAppUITests;
			packageProductDependencies = (
			);
			productName = WeightliftingAppUITests;
			productReference = D9703CCF2E067900009D39BC /* WeightliftingAppUITests.xctest */;
			productType = "com.apple.product-type.bundle.ui-testing";
		};
		D9EAAF382E124401003CC42B /* WeightliftingAppSim */ = {
			isa = PBXNativeTarget;
			buildConfigurationList = D9EAAF3E2E124401003CC42B /* Build configuration list for PBXNativeTarget "WeightliftingAppSim" */;
			buildPhases = (
				D9EAAF392E124401003CC42B /* Sources */,
				D9EAAF3B2E124401003CC42B /* Frameworks */,
				D9EAAF3D2E124401003CC42B /* Resources */,
			);
			buildRules = (
			);
			dependencies = (
			);
			fileSystemSynchronizedGroups = (
				D9703CBA2E0678FF009D39BC /* WeightliftingApp */,
			);
			name = WeightliftingAppSim;
			packageProductDependencies = (
			);
			productName = WeightliftingApp;
			productReference = D9EAAF412E124401003CC42B /* WeightliftingAppSim.app */;
			productType = "com.apple.product-type.application";
		};
		D9EAAF432E12440D003CC42B /* WeightliftingAppTestsSim */ = {
			isa = PBXNativeTarget;
			buildConfigurationList = D9EAAF4A2E12440D003CC42B /* Build configuration list for PBXNativeTarget "WeightliftingAppTestsSim" */;
			buildPhases = (
				D9EAAF462E12440D003CC42B /* Sources */,
				D9EAAF472E12440D003CC42B /* Frameworks */,
				D9EAAF492E12440D003CC42B /* Resources */,
			);
			buildRules = (
			);
			dependencies = (
				D9EAAF442E12440D003CC42B /* PBXTargetDependency */,
			);
			fileSystemSynchronizedGroups = (
				D9703CC82E067900009D39BC /* WeightliftingAppTests */,
			);
			name = WeightliftingAppTestsSim;
			packageProductDependencies = (
			);
			productName = WeightliftingAppTests;
			productReference = D9EAAF4D2E12440D003CC42B /* WeightliftingAppTestsSim.xctest */;
			productType = "com.apple.product-type.bundle.unit-test";
		};
		D9EAAF4F2E124419003CC42B /* WeightliftingAppUITestsSim */ = {
			isa = PBXNativeTarget;
			buildConfigurationList = D9EAAF562E124419003CC42B /* Build configuration list for PBXNativeTarget "WeightliftingAppUITestsSim" */;
			buildPhases = (
				D9EAAF522E124419003CC42B /* Sources */,
				D9EAAF532E124419003CC42B /* Frameworks */,
				D9EAAF552E124419003CC42B /* Resources */,
			);
			buildRules = (
			);
			dependencies = (
				D9EAAF502E124419003CC42B /* PBXTargetDependency */,
			);
			fileSystemSynchronizedGroups = (
				D9703CD22E067900009D39BC /* WeightliftingAppUITests */,
			);
			name = WeightliftingAppUITestsSim;
			packageProductDependencies = (
			);
			productName = WeightliftingAppUITests;
			productReference = D9EAAF592E124419003CC42B /* WeightliftingAppUITestsSim.xctest */;
			productType = "com.apple.product-type.bundle.ui-testing";
		};
/* End PBXNativeTarget section */

/* Begin PBXProject section */
		D9703CB02E0678FF009D39BC /* Project object */ = {
			isa = PBXProject;
			attributes = {
				BuildIndependentTargetsInParallel = 1;
				LastSwiftUpdateCheck = 1640;
				LastUpgradeCheck = 1640;
				TargetAttributes = {
					D9703CB72E0678FF009D39BC = {
						CreatedOnToolsVersion = 16.4;
					};
					D9703CC42E067900009D39BC = {
						CreatedOnToolsVersion = 16.4;
						TestTargetID = D9703CB72E0678FF009D39BC;
					};
					D9703CCE2E067900009D39BC = {
						CreatedOnToolsVersion = 16.4;
						TestTargetID = D9703CB72E0678FF009D39BC;
					};
				};
			};
			buildConfigurationList = D9703CB32E0678FF009D39BC /* Build configuration list for PBXProject "WeightliftingApp" */;
			developmentRegion = en;
			hasScannedForEncodings = 0;
			knownRegions = (
				en,
				Base,
			);
			mainGroup = D9703CAF2E0678FF009D39BC;
			minimizedProjectReferenceProxies = 1;
			preferredProjectObjectVersion = 77;
			productRefGroup = D9703CB92E0678FF009D39BC /* Products */;
			projectDirPath = "";
			projectRoot = "";
			targets = (
				D9703CB72E0678FF009D39BC /* WeightliftingApp */,
				D9703CC42E067900009D39BC /* WeightliftingAppTests */,
				D9703CCE2E067900009D39BC /* WeightliftingAppUITests */,
				D9EAAF382E124401003CC42B /* WeightliftingAppSim */,
				D9EAAF432E12440D003CC42B /* WeightliftingAppTestsSim */,
				D9EAAF4F2E124419003CC42B /* WeightliftingAppUITestsSim */,
			);
		};
/* End PBXProject section */

/* Begin PBXResourcesBuildPhase section */
		D9703CB62E0678FF009D39BC /* Resources */ = {
			isa = PBXResourcesBuildPhase;
			buildActionMask = 2147483647;
			files = (
			);
			runOnlyForDeploymentPostprocessing = 0;
		};
		D9703CC32E067900009D39BC /* Resources */ = {
			isa = PBXResourcesBuildPhase;
			buildActionMask = 2147483647;
			files = (
			);
			runOnlyForDeploymentPostprocessing = 0;
		};
		D9703CCD2E067900009D39BC /* Resources */ = {
			isa = PBXResourcesBuildPhase;
			buildActionMask = 2147483647;
			files = (
			);
			runOnlyForDeploymentPostprocessing = 0;
		};
		D9EAAF3D2E124401003CC42B /* Resources */ = {
			isa = PBXResourcesBuildPhase;
			buildActionMask = 2147483647;
			files = (
			);
			runOnlyForDeploymentPostprocessing = 0;
		};
		D9EAAF492E12440D003CC42B /* Resources */ = {
			isa = PBXResourcesBuildPhase;
			buildActionMask = 2147483647;
			files = (
			);
			runOnlyForDeploymentPostprocessing = 0;
		};
		D9EAAF552E124419003CC42B /* Resources */ = {
			isa = PBXResourcesBuildPhase;
			buildActionMask = 2147483647;
			files = (
			);
			runOnlyForDeploymentPostprocessing = 0;
		};
/* End PBXResourcesBuildPhase section */

/* Begin PBXSourcesBuildPhase section */
		D9703CB42E0678FF009D39BC /* Sources */ = {
			isa = PBXSourcesBuildPhase;
			buildActionMask = 2147483647;
			files = (
				D9B260C72E08FDC200BA9A31 /* weightlifting_core.swift in Sources */,
			);
			runOnlyForDeploymentPostprocessing = 0;
		};
		D9703CC12E067900009D39BC /* Sources */ = {
			isa = PBXSourcesBuildPhase;
			buildActionMask = 2147483647;
			files = (
			);
			runOnlyForDeploymentPostprocessing = 0;
		};
		D9703CCB2E067900009D39BC /* Sources */ = {
			isa = PBXSourcesBuildPhase;
			buildActionMask = 2147483647;
			files = (
			);
			runOnlyForDeploymentPostprocessing = 0;
		};
		D9EAAF392E124401003CC42B /* Sources */ = {
			isa = PBXSourcesBuildPhase;
			buildActionMask = 2147483647;
			files = (
				D9EAAF3A2E124401003CC42B /* weightlifting_core.swift in Sources */,
			);
			runOnlyForDeploymentPostprocessing = 0;
		};
		D9EAAF462E12440D003CC42B /* Sources */ = {
			isa = PBXSourcesBuildPhase;
			buildActionMask = 2147483647;
			files = (
			);
			runOnlyForDeploymentPostprocessing = 0;
		};
		D9EAAF522E124419003CC42B /* Sources */ = {
			isa = PBXSourcesBuildPhase;
			buildActionMask = 2147483647;
			files = (
			);
			runOnlyForDeploymentPostprocessing = 0;
		};
/* End PBXSourcesBuildPhase section */

/* Begin PBXTargetDependency section */
		D9703CC72E067900009D39BC /* PBXTargetDependency */ = {
			isa = PBXTargetDependency;
			target = D9703CB72E0678FF009D39BC /* WeightliftingApp */;
			targetProxy = D9703CC62E067900009D39BC /* PBXContainerItemProxy */;
		};
		D9703CD12E067900009D39BC /* PBXTargetDependency */ = {
			isa = PBXTargetDependency;
			target = D9703CB72E0678FF009D39BC /* WeightliftingApp */;
			targetProxy = D9703CD02E067900009D39BC /* PBXContainerItemProxy */;
		};
		D9EAAF442E12440D003CC42B /* PBXTargetDependency */ = {
			isa = PBXTargetDependency;
			target = D9703CB72E0678FF009D39BC /* WeightliftingApp */;
			targetProxy = D9EAAF452E12440D003CC42B /* PBXContainerItemProxy */;
		};
		D9EAAF502E124419003CC42B /* PBXTargetDependency */ = {
			isa = PBXTargetDependency;
			target = D9703CB72E0678FF009D39BC /* WeightliftingApp */;
			targetProxy = D9EAAF512E124419003CC42B /* PBXContainerItemProxy */;
		};
/* End PBXTargetDependency section */

/* Begin XCBuildConfiguration section */
		D9703CD72E067900009D39BC /* Debug */ = {
			isa = XCBuildConfiguration;
			buildSettings = {
				ALWAYS_SEARCH_USER_PATHS = NO;
				ASSETCATALOG_COMPILER_GENERATE_SWIFT_ASSET_SYMBOL_EXTENSIONS = YES;
				CLANG_ANALYZER_NONNULL = YES;
				CLANG_ANALYZER_NUMBER_OBJECT_CONVERSION = YES_AGGRESSIVE;
				CLANG_CXX_LANGUAGE_STANDARD = "gnu++20";
				CLANG_ENABLE_MODULES = YES;
				CLANG_ENABLE_OBJC_ARC = YES;
				CLANG_ENABLE_OBJC_WEAK = YES;
				CLANG_WARN_BLOCK_CAPTURE_AUTORELEASING = YES;
				CLANG_WARN_BOOL_CONVERSION = YES;
				CLANG_WARN_COMMA = YES;
				CLANG_WARN_CONSTANT_CONVERSION = YES;
				CLANG_WARN_DEPRECATED_OBJC_IMPLEMENTATIONS = YES;
				CLANG_WARN_DIRECT_OBJC_ISA_USAGE = YES_ERROR;
				CLANG_WARN_DOCUMENTATION_COMMENTS = YES;
				CLANG_WARN_EMPTY_BODY = YES;
				CLANG_WARN_ENUM_CONVERSION = YES;
				CLANG_WARN_INFINITE_RECURSION = YES;
				CLANG_WARN_INT_CONVERSION = YES;
				CLANG_WARN_NON_LITERAL_NULL_CONVERSION = YES;
				CLANG_WARN_OBJC_IMPLICIT_RETAIN_SELF = YES;
				CLANG_WARN_OBJC_LITERAL_CONVERSION = YES;
				CLANG_WARN_OBJC_ROOT_CLASS = YES_ERROR;
				CLANG_WARN_QUOTED_INCLUDE_IN_FRAMEWORK_HEADER = YES;
				CLANG_WARN_RANGE_LOOP_ANALYSIS = YES;
				CLANG_WARN_STRICT_PROTOTYPES = YES;
				CLANG_WARN_SUSPICIOUS_MOVE = YES;
				CLANG_WARN_UNGUARDED_AVAILABILITY = YES_AGGRESSIVE;
				CLANG_WARN_UNREACHABLE_CODE = YES;
				CLANG_WARN__DUPLICATE_METHOD_MATCH = YES;
				COPY_PHASE_STRIP = NO;
				DEBUG_INFORMATION_FORMAT = dwarf;
				ENABLE_STRICT_OBJC_MSGSEND = YES;
				ENABLE_TESTABILITY = YES;
				ENABLE_USER_SCRIPT_SANDBOXING = YES;
				GCC_C_LANGUAGE_STANDARD = gnu17;
				GCC_DYNAMIC_NO_PIC = NO;
				GCC_NO_COMMON_BLOCKS = YES;
				GCC_OPTIMIZATION_LEVEL = 0;
				GCC_PREPROCESSOR_DEFINITIONS = (
					"DEBUG=1",
					"$(inherited)",
				);
				GCC_WARN_64_TO_32_BIT_CONVERSION = YES;
				GCC_WARN_ABOUT_RETURN_TYPE = YES_ERROR;
				GCC_WARN_UNDECLARED_SELECTOR = YES;
				GCC_WARN_UNINITIALIZED_AUTOS = YES_AGGRESSIVE;
				GCC_WARN_UNUSED_FUNCTION = YES;
				GCC_WARN_UNUSED_VARIABLE = YES;
				IPHONEOS_DEPLOYMENT_TARGET = 18.5;
				LOCALIZATION_PREFERS_STRING_CATALOGS = YES;
				MTL_ENABLE_DEBUG_INFO = INCLUDE_SOURCE;
				MTL_FAST_MATH = YES;
				ONLY_ACTIVE_ARCH = YES;
				SDKROOT = iphoneos;
				SWIFT_ACTIVE_COMPILATION_CONDITIONS = "DEBUG $(inherited)";
				SWIFT_OPTIMIZATION_LEVEL = "-Onone";
			};
			name = Debug;
		};
		D9703CD82E067900009D39BC /* Release */ = {
			isa = XCBuildConfiguration;
			buildSettings = {
				ALWAYS_SEARCH_USER_PATHS = NO;
				ASSETCATALOG_COMPILER_GENERATE_SWIFT_ASSET_SYMBOL_EXTENSIONS = YES;
				CLANG_ANALYZER_NONNULL = YES;
				CLANG_ANALYZER_NUMBER_OBJECT_CONVERSION = YES_AGGRESSIVE;
				CLANG_CXX_LANGUAGE_STANDARD = "gnu++20";
				CLANG_ENABLE_MODULES = YES;
				CLANG_ENABLE_OBJC_ARC = YES;
				CLANG_ENABLE_OBJC_WEAK = YES;
				CLANG_WARN_BLOCK_CAPTURE_AUTORELEASING = YES;
				CLANG_WARN_BOOL_CONVERSION = YES;
				CLANG_WARN_COMMA = YES;
				CLANG_WARN_CONSTANT_CONVERSION = YES;
				CLANG_WARN_DEPRECATED_OBJC_IMPLEMENTATIONS = YES;
				CLANG_WARN_DIRECT_OBJC_ISA_USAGE = YES_ERROR;
				CLANG_WARN_DOCUMENTATION_COMMENTS = YES;
				CLANG_WARN_EMPTY_BODY = YES;
				CLANG_WARN_ENUM_CONVERSION = YES;
				CLANG_WARN_INFINITE_RECURSION = YES;
				CLANG_WARN_INT_CONVERSION = YES;
				CLANG_WARN_NON_LITERAL_NULL_CONVERSION = YES;
				CLANG_WARN_OBJC_IMPLICIT_RETAIN_SELF = YES;
				CLANG_WARN_OBJC_LITERAL_CONVERSION = YES;
				CLANG_WARN_OBJC_ROOT_CLASS = YES_ERROR;
				CLANG_WARN_QUOTED_INCLUDE_IN_FRAMEWORK_HEADER = YES;
				CLANG_WARN_RANGE_LOOP_ANALYSIS = YES;
				CLANG_WARN_STRICT_PROTOTYPES = YES;
				CLANG_WARN_SUSPICIOUS_MOVE = YES;
				CLANG_WARN_UNGUARDED_AVAILABILITY = YES_AGGRESSIVE;
				CLANG_WARN_UNREACHABLE_CODE = YES;
				CLANG_WARN__DUPLICATE_METHOD_MATCH = YES;
				COPY_PHASE_STRIP = NO;
				DEBUG_INFORMATION_FORMAT = "dwarf-with-dsym";
				ENABLE_NS_ASSERTIONS = NO;
				ENABLE_STRICT_OBJC_MSGSEND = YES;
				ENABLE_USER_SCRIPT_SANDBOXING = YES;
				GCC_C_LANGUAGE_STANDARD = gnu17;
				GCC_NO_COMMON_BLOCKS = YES;
				GCC_WARN_64_TO_32_BIT_CONVERSION = YES;
				GCC_WARN_ABOUT_RETURN_TYPE = YES_ERROR;
				GCC_WARN_UNDECLARED_SELECTOR = YES;
				GCC_WARN_UNINITIALIZED_AUTOS = YES_AGGRESSIVE;
				GCC_WARN_UNUSED_FUNCTION = YES;
				GCC_WARN_UNUSED_VARIABLE = YES;
				IPHONEOS_DEPLOYMENT_TARGET = 18.5;
				LOCALIZATION_PREFERS_STRING_CATALOGS = YES;
				MTL_ENABLE_DEBUG_INFO = NO;
				MTL_FAST_MATH = YES;
				SDKROOT = iphoneos;
				SWIFT_COMPILATION_MODE = wholemodule;
				VALIDATE_PRODUCT = YES;
			};
			name = Release;
		};
		D9703CDA2E067900009D39BC /* Debug */ = {
			isa = XCBuildConfiguration;
			buildSettings = {
				ASSETCATALOG_COMPILER_APPICON_NAME = AppIcon;
				ASSETCATALOG_COMPILER_GLOBAL_ACCENT_COLOR_NAME = AccentColor;
				CODE_SIGN_STYLE = Automatic;
				CURRENT_PROJECT_VERSION = 1;
				ENABLE_PREVIEWS = YES;
				GENERATE_INFOPLIST_FILE = YES;
				INFOPLIST_KEY_UIApplicationSceneManifest_Generation = YES;
				INFOPLIST_KEY_UIApplicationSupportsIndirectInputEvents = YES;
				INFOPLIST_KEY_UILaunchScreen_Generation = YES;
				INFOPLIST_KEY_UISupportedInterfaceOrientations_iPad = "UIInterfaceOrientationPortrait UIInterfaceOrientationPortraitUpsideDown UIInterfaceOrientationLandscapeLeft UIInterfaceOrientationLandscapeRight";
				INFOPLIST_KEY_UISupportedInterfaceOrientations_iPhone = "UIInterfaceOrientationPortrait UIInterfaceOrientationLandscapeLeft UIInterfaceOrientationLandscapeRight";
				LD_RUNPATH_SEARCH_PATHS = (
					"$(inherited)",
					"@executable_path/Frameworks",
				);
				LIBRARY_SEARCH_PATHS = (
					"$(inherited)",
					"$(PROJECT_DIR)/Shared",
				);
				"LIBRARY_SEARCH_PATHS[arch=*]" = "$(PROJECT_DIR)/Shared";
				MARKETING_VERSION = 1.0;
				PRODUCT_BUNDLE_IDENTIFIER = come.rharriso.WeightliftingApp;
				PRODUCT_NAME = "$(TARGET_NAME)";
				SWIFT_EMIT_LOC_STRINGS = YES;
				SWIFT_OBJC_BRIDGING_HEADER = "WeightliftingApp/WeightliftingApp-Bridging-Header.h";
				SWIFT_VERSION = 5.0;
				TARGETED_DEVICE_FAMILY = "1,2";
			};
			name = Debug;
		};
		D9703CDB2E067900009D39BC /* Release */ = {
			isa = XCBuildConfiguration;
			buildSettings = {
				ASSETCATALOG_COMPILER_APPICON_NAME = AppIcon;
				ASSETCATALOG_COMPILER_GLOBAL_ACCENT_COLOR_NAME = AccentColor;
				CODE_SIGN_STYLE = Automatic;
				CURRENT_PROJECT_VERSION = 1;
				ENABLE_PREVIEWS = YES;
				GENERATE_INFOPLIST_FILE = YES;
				INFOPLIST_KEY_UIApplicationSceneManifest_Generation = YES;
				INFOPLIST_KEY_UIApplicationSupportsIndirectInputEvents = YES;
				INFOPLIST_KEY_UILaunchScreen_Generation = YES;
				INFOPLIST_KEY_UISupportedInterfaceOrientations_iPad = "UIInterfaceOrientationPortrait UIInterfaceOrientationPortraitUpsideDown UIInterfaceOrientationLandscapeLeft UIInterfaceOrientationLandscapeRight";
				INFOPLIST_KEY_UISupportedInterfaceOrientations_iPhone = "UIInterfaceOrientationPortrait UIInterfaceOrientationLandscapeLeft UIInterfaceOrientationLandscapeRight";
				LD_RUNPATH_SEARCH_PATHS = (
					"$(inherited)",
					"@executable_path/Frameworks",
				);
				LIBRARY_SEARCH_PATHS = (
					"$(inherited)",
					"$(PROJECT_DIR)/Shared",
				);
				"LIBRARY_SEARCH_PATHS[arch=*]" = "$(PROJECT_DIR)/Shared";
				MARKETING_VERSION = 1.0;
				PRODUCT_BUNDLE_IDENTIFIER = come.rharriso.WeightliftingApp;
				PRODUCT_NAME = "$(TARGET_NAME)";
				SWIFT_EMIT_LOC_STRINGS = YES;
				SWIFT_OBJC_BRIDGING_HEADER = "WeightliftingApp/WeightliftingApp-Bridging-Header.h";
				SWIFT_VERSION = 5.0;
				TARGETED_DEVICE_FAMILY = "1,2";
			};
			name = Release;
		};
		D9703CDD2E067900009D39BC /* Debug */ = {
			isa = XCBuildConfiguration;
			buildSettings = {
				BUNDLE_LOADER = "$(TEST_HOST)";
				CODE_SIGN_STYLE = Automatic;
				CURRENT_PROJECT_VERSION = 1;
				GENERATE_INFOPLIST_FILE = YES;
				IPHONEOS_DEPLOYMENT_TARGET = 18.5;
				LIBRARY_SEARCH_PATHS = (
					"$(inherited)",
					"$(PROJECT_DIR)/Shared",
				);
				MARKETING_VERSION = 1.0;
				PRODUCT_BUNDLE_IDENTIFIER = come.rharriso.WeightliftingAppTests;
				PRODUCT_NAME = "$(TARGET_NAME)";
				SWIFT_EMIT_LOC_STRINGS = NO;
				SWIFT_OBJC_BRIDGING_HEADER = "WeightliftingApp/WeightliftingApp-Bridging-Header.h";
				SWIFT_VERSION = 5.0;
				TARGETED_DEVICE_FAMILY = "1,2";
				TEST_HOST = "$(BUILT_PRODUCTS_DIR)/WeightliftingApp.app/$(BUNDLE_EXECUTABLE_FOLDER_PATH)/WeightliftingApp";
			};
			name = Debug;
		};
		D9703CDE2E067900009D39BC /* Release */ = {
			isa = XCBuildConfiguration;
			buildSettings = {
				BUNDLE_LOADER = "$(TEST_HOST)";
				CODE_SIGN_STYLE = Automatic;
				CURRENT_PROJECT_VERSION = 1;
				GENERATE_INFOPLIST_FILE = YES;
				IPHONEOS_DEPLOYMENT_TARGET = 18.5;
				LIBRARY_SEARCH_PATHS = (
					"$(inherited)",
					"$(PROJECT_DIR)/Shared",
				);
				MARKETING_VERSION = 1.0;
				PRODUCT_BUNDLE_IDENTIFIER = come.rharriso.WeightliftingAppTests;
				PRODUCT_NAME = "$(TARGET_NAME)";
				SWIFT_EMIT_LOC_STRINGS = NO;
				SWIFT_OBJC_BRIDGING_HEADER = "WeightliftingApp/WeightliftingApp-Bridging-Header.h";
				SWIFT_VERSION = 5.0;
				TARGETED_DEVICE_FAMILY = "1,2";
				TEST_HOST = "$(BUILT_PRODUCTS_DIR)/WeightliftingApp.app/$(BUNDLE_EXECUTABLE_FOLDER_PATH)/WeightliftingApp";
			};
			name = Release;
		};
		D9703CE02E067900009D39BC /* Debug */ = {
			isa = XCBuildConfiguration;
			buildSettings = {
				CODE_SIGN_STYLE = Automatic;
				CURRENT_PROJECT_VERSION = 1;
				GENERATE_INFOPLIST_FILE = YES;
				LIBRARY_SEARCH_PATHS = (
					"$(inherited)",
					"$(PROJECT_DIR)/Shared",
				);
				MARKETING_VERSION = 1.0;
				PRODUCT_BUNDLE_IDENTIFIER = come.rharriso.WeightliftingAppUITests;
				PRODUCT_NAME = "$(TARGET_NAME)";
				SWIFT_EMIT_LOC_STRINGS = NO;
				SWIFT_OBJC_BRIDGING_HEADER = "WeightliftingApp/WeightliftingApp-Bridging-Header.h";
				SWIFT_VERSION = 5.0;
				TARGETED_DEVICE_FAMILY = "1,2";
				TEST_TARGET_NAME = WeightliftingApp;
			};
			name = Debug;
		};
		D9703CE12E067900009D39BC /* Release */ = {
			isa = XCBuildConfiguration;
			buildSettings = {
				CODE_SIGN_STYLE = Automatic;
				CURRENT_PROJECT_VERSION = 1;
				GENERATE_INFOPLIST_FILE = YES;
				LIBRARY_SEARCH_PATHS = (
					"$(inherited)",
					"$(PROJECT_DIR)/Shared",
				);
				MARKETING_VERSION = 1.0;
				PRODUCT_BUNDLE_IDENTIFIER = come.rharriso.WeightliftingAppUITests;
				PRODUCT_NAME = "$(TARGET_NAME)";
				SWIFT_EMIT_LOC_STRINGS = NO;
				SWIFT_OBJC_BRIDGING_HEADER = "WeightliftingApp/WeightliftingApp-Bridging-Header.h";
				SWIFT_VERSION = 5.0;
				TARGETED_DEVICE_FAMILY = "1,2";
				TEST_TARGET_NAME = WeightliftingApp;
			};
			name = Release;
		};
		D9EAAF3F2E124401003CC42B /* Debug */ = {
			isa = XCBuildConfiguration;
			buildSettings = {
				ASSETCATALOG_COMPILER_APPICON_NAME = AppIcon;
				ASSETCATALOG_COMPILER_GLOBAL_ACCENT_COLOR_NAME = AccentColor;
				CODE_SIGN_STYLE = Automatic;
				CURRENT_PROJECT_VERSION = 1;
				ENABLE_PREVIEWS = YES;
				GENERATE_INFOPLIST_FILE = YES;
				INFOPLIST_KEY_UIApplicationSceneManifest_Generation = YES;
				INFOPLIST_KEY_UIApplicationSupportsIndirectInputEvents = YES;
				INFOPLIST_KEY_UILaunchScreen_Generation = YES;
				INFOPLIST_KEY_UISupportedInterfaceOrientations_iPad = "UIInterfaceOrientationPortrait UIInterfaceOrientationPortraitUpsideDown UIInterfaceOrientationLandscapeLeft UIInterfaceOrientationLandscapeRight";
				INFOPLIST_KEY_UISupportedInterfaceOrientations_iPhone = "UIInterfaceOrientationPortrait UIInterfaceOrientationLandscapeLeft UIInterfaceOrientationLandscapeRight";
				LD_RUNPATH_SEARCH_PATHS = (
					"$(inherited)",
					"@executable_path/Frameworks",
				);
				LIBRARY_SEARCH_PATHS = (
					"$(inherited)",
					"$(PROJECT_DIR)/Shared",
				);
				"LIBRARY_SEARCH_PATHS[arch=*]" = "$(PROJECT_DIR)/Shared";
				MARKETING_VERSION = 1.0;
				PRODUCT_BUNDLE_IDENTIFIER = come.rharriso.WeightliftingApp;
				PRODUCT_NAME = "$(TARGET_NAME)";
				SWIFT_EMIT_LOC_STRINGS = YES;
				SWIFT_OBJC_BRIDGING_HEADER = "WeightliftingApp/WeightliftingApp-Bridging-Header.h";
				SWIFT_VERSION = 5.0;
				TARGETED_DEVICE_FAMILY = "1,2";
			};
			name = Debug;
		};
		D9EAAF402E124401003CC42B /* Release */ = {
			isa = XCBuildConfiguration;
			buildSettings = {
				ASSETCATALOG_COMPILER_APPICON_NAME = AppIcon;
				ASSETCATALOG_COMPILER_GLOBAL_ACCENT_COLOR_NAME = AccentColor;
				CODE_SIGN_STYLE = Automatic;
				CURRENT_PROJECT_VERSION = 1;
				ENABLE_PREVIEWS = YES;
				GENERATE_INFOPLIST_FILE = YES;
				INFOPLIST_KEY_UIApplicationSceneManifest_Generation = YES;
				INFOPLIST_KEY_UIApplicationSupportsIndirectInputEvents = YES;
				INFOPLIST_KEY_UILaunchScreen_Generation = YES;
				INFOPLIST_KEY_UISupportedInterfaceOrientations_iPad = "UIInterfaceOrientationPortrait UIInterfaceOrientationPortraitUpsideDown UIInterfaceOrientationLandscapeLeft UIInterfaceOrientationLandscapeRight";
				INFOPLIST_KEY_UISupportedInterfaceOrientations_iPhone = "UIInterfaceOrientationPortrait UIInterfaceOrientationLandscapeLeft UIInterfaceOrientationLandscapeRight";
				LD_RUNPATH_SEARCH_PATHS = (
					"$(inherited)",
					"@executable_path/Frameworks",
				);
				LIBRARY_SEARCH_PATHS = (
					"$(inherited)",
					"$(PROJECT_DIR)/Shared",
				);
				"LIBRARY_SEARCH_PATHS[arch=*]" = "$(PROJECT_DIR)/Shared";
				MARKETING_VERSION = 1.0;
				PRODUCT_BUNDLE_IDENTIFIER = come.rharriso.WeightliftingApp;
				PRODUCT_NAME = "$(TARGET_NAME)";
				SWIFT_EMIT_LOC_STRINGS = YES;
				SWIFT_OBJC_BRIDGING_HEADER = "WeightliftingApp/WeightliftingApp-Bridging-Header.h";
				SWIFT_VERSION = 5.0;
				TARGETED_DEVICE_FAMILY = "1,2";
			};
			name = Release;
		};
		D9EAAF4B2E12440D003CC42B /* Debug */ = {
			isa = XCBuildConfiguration;
			buildSettings = {
				BUNDLE_LOADER = "$(TEST_HOST)";
				CODE_SIGN_STYLE = Automatic;
				CURRENT_PROJECT_VERSION = 1;
				GENERATE_INFOPLIST_FILE = YES;
				IPHONEOS_DEPLOYMENT_TARGET = 18.5;
				LIBRARY_SEARCH_PATHS = (
					"$(inherited)",
					"$(PROJECT_DIR)/Shared",
				);
				MARKETING_VERSION = 1.0;
				PRODUCT_BUNDLE_IDENTIFIER = come.rharriso.WeightliftingAppTests;
				PRODUCT_NAME = "$(TARGET_NAME)";
				SWIFT_EMIT_LOC_STRINGS = NO;
				SWIFT_OBJC_BRIDGING_HEADER = "WeightliftingApp/WeightliftingApp-Bridging-Header.h";
				SWIFT_VERSION = 5.0;
				TARGETED_DEVICE_FAMILY = "1,2";
				TEST_HOST = "$(BUILT_PRODUCTS_DIR)/WeightliftingApp.app/$(BUNDLE_EXECUTABLE_FOLDER_PATH)/WeightliftingApp";
			};
			name = Debug;
		};
		D9EAAF4C2E12440D003CC42B /* Release */ = {
			isa = XCBuildConfiguration;
			buildSettings = {
				BUNDLE_LOADER = "$(TEST_HOST)";
				CODE_SIGN_STYLE = Automatic;
				CURRENT_PROJECT_VERSION = 1;
				GENERATE_INFOPLIST_FILE = YES;
				IPHONEOS_DEPLOYMENT_TARGET = 18.5;
				LIBRARY_SEARCH_PATHS = (
					"$(inherited)",
					"$(PROJECT_DIR)/Shared",
				);
				MARKETING_VERSION = 1.0;
				PRODUCT_BUNDLE_IDENTIFIER = come.rharriso.WeightliftingAppTests;
				PRODUCT_NAME = "$(TARGET_NAME)";
				SWIFT_EMIT_LOC_STRINGS = NO;
				SWIFT_OBJC_BRIDGING_HEADER = "WeightliftingApp/WeightliftingApp-Bridging-Header.h";
				SWIFT_VERSION = 5.0;
				TARGETED_DEVICE_FAMILY = "1,2";
				TEST_HOST = "$(BUILT_PRODUCTS_DIR)/WeightliftingApp.app/$(BUNDLE_EXECUTABLE_FOLDER_PATH)/WeightliftingApp";
			};
			name = Release;
		};
		D9EAAF572E124419003CC42B /* Debug */ = {
			isa = XCBuildConfiguration;
			buildSettings = {
				CODE_SIGN_STYLE = Automatic;
				CURRENT_PROJECT_VERSION = 1;
				GENERATE_INFOPLIST_FILE = YES;
				LIBRARY_SEARCH_PATHS = (
					"$(inherited)",
					"$(PROJECT_DIR)/Shared",
				);
				MARKETING_VERSION = 1.0;
				PRODUCT_BUNDLE_IDENTIFIER = come.rharriso.WeightliftingAppUITests;
				PRODUCT_NAME = "$(TARGET_NAME)";
				SWIFT_EMIT_LOC_STRINGS = NO;
				SWIFT_OBJC_BRIDGING_HEADER = "WeightliftingApp/WeightliftingApp-Bridging-Header.h";
				SWIFT_VERSION = 5.0;
				TARGETED_DEVICE_FAMILY = "1,2";
				TEST_TARGET_NAME = WeightliftingApp;
			};
			name = Debug;
		};
		D9EAAF582E124419003CC42B /* Release */ = {
			isa = XCBuildConfiguration;
			buildSettings = {
				CODE_SIGN_STYLE = Automatic;
				CURRENT_PROJECT_VERSION = 1;
				GENERATE_INFOPLIST_FILE = YES;
				LIBRARY_SEARCH_PATHS = (
					"$(inherited)",
					"$(PROJECT_DIR)/Shared",
				);
				MARKETING_VERSION = 1.0;
				PRODUCT_BUNDLE_IDENTIFIER = come.rharriso.WeightliftingAppUITests;
				PRODUCT_NAME = "$(TARGET_NAME)";
				SWIFT_EMIT_LOC_STRINGS = NO;
				SWIFT_OBJC_BRIDGING_HEADER = "WeightliftingApp/WeightliftingApp-Bridging-Header.h";
				SWIFT_VERSION = 5.0;
				TARGETED_DEVICE_FAMILY = "1,2";
				TEST_TARGET_NAME = WeightliftingApp;
			};
			name = Release;
		};
/* End XCBuildConfiguration section */

/* Begin XCConfigurationList section */
		D9703CB32E0678FF009D39BC /* Build configuration list for PBXProject "WeightliftingApp" */ = {
			isa = XCConfigurationList;
			buildConfigurations = (
				D9703CD72E067900009D39BC /* Debug */,
				D9703CD82E067900009D39BC /* Release */,
			);
			defaultConfigurationIsVisible = 0;
			defaultConfigurationName = Release;
		};
		D9703CD92E067900009D39BC /* Build configuration list for PBXNativeTarget "WeightliftingApp" */ = {
			isa = XCConfigurationList;
			buildConfigurations = (
				D9703CDA2E067900009D39BC /* Debug */,
				D9703CDB2E067900009D39BC /* Release */,
			);
			defaultConfigurationIsVisible = 0;
			defaultConfigurationName = Release;
		};
		D9703CDC2E067900009D39BC /* Build configuration list for PBXNativeTarget "WeightliftingAppTests" */ = {
			isa = XCConfigurationList;
			buildConfigurations = (
				D9703CDD2E067900009D39BC /* Debug */,
				D9703CDE2E067900009D39BC /* Release */,
			);
			defaultConfigurationIsVisible = 0;
			defaultConfigurationName = Release;
		};
		D9703CDF2E067900009D39BC /* Build configuration list for PBXNativeTarget "WeightliftingAppUITests" */ = {
			isa = XCConfigurationList;
			buildConfigurations = (
				D9703CE02E067900009D39BC /* Debug */,
				D9703CE12E067900009D39BC /* Release */,
			);
			defaultConfigurationIsVisible = 0;
			defaultConfigurationName = Release;
		};
		D9EAAF3E2E124401003CC42B /* Build configuration list for PBXNativeTarget "WeightliftingAppSim" */ = {
			isa = XCConfigurationList;
			buildConfigurations = (
				D9EAAF3F2E124401003CC42B /* Debug */,
				D9EAAF402E124401003CC42B /* Release */,
			);
			defaultConfigurationIsVisible = 0;
			defaultConfigurationName = Release;
		};
		D9EAAF4A2E12440D003CC42B /* Build configuration list for PBXNativeTarget "WeightliftingAppTestsSim" */ = {
			isa = XCConfigurationList;
			buildConfigurations = (
				D9EAAF4B2E12440D003CC42B /* Debug */,
				D9EAAF4C2E12440D003CC42B /* Release */,
			);
			defaultConfigurationIsVisible = 0;
			defaultConfigurationName = Release;
		};
		D9EAAF562E124419003CC42B /* Build configuration list for PBXNativeTarget "WeightliftingAppUITestsSim" */ = {
			isa = XCConfigurationList;
			buildConfigurations = (
				D9EAAF572E124419003CC42B /* Debug */,
				D9EAAF582E124419003CC42B /* Release */,
			);
			defaultConfigurationIsVisible = 0;
			defaultConfigurationName = Release;
		};
/* End XCConfigurationList section */
	};
	rootObject = D9703CB02E0678FF009D39BC /* Project object */;
}
